
Microsoft Visual Studio Solution File, Format Version 12.00
# Visual Studio Version 17
VisualStudioVersion = 17.14.37012.4
MinimumVisualStudioVersion = 10.0.40219.1
Project("{FAE04EC0-301F-11D3-BF4B-00C04F79EFBC}") = "KoreanLearningApp", "KoreanLearningApp\KoreanLearningApp.csproj", "{367E342B-B479-2C93-878D-2E39D4E3D010}"
EndProject
Project("{FAE04EC0-301F-11D3-BF4B-00C04F79EFBC}") = "KoreanLearningApp.Domain", "KoreanLearningApp.Domain\KoreanLearningApp.Domain.csproj", "{339F0953-0A4A-4E49-A0E4-8ACBF732E16D}"
EndProject
Project("{FAE04EC0-301F-11D3-BF4B-00C04F79EFBC}") = "KoreanLearningApp.Services", "KoreanLearningApp.Services\KoreanLearningApp.Services.csproj", "{C148B12E-BB3A-4D77-B368-1238F2212CC7}"
EndProject
Project("{FAE04EC0-301F-11D3-BF4B-00C04F79EFBC}") = "KoreanLearningApp.Infrastructure", "KoreanLearningApp.Infrastructure\KoreanLearningApp.Infrastructure.csproj", "{56A8DC3B-859D-408D-9DEB-EABD8C2BEA0E}"
EndProject
Global
	GlobalSection(SolutionConfigurationPlatforms) = preSolution
		Debug|Any CPU = Debug|Any CPU
		Release|Any CPU = Release|Any CPU
	EndGlobalSection
	GlobalSection(ProjectConfigurationPlatforms) = postSolution
		{367E342B-B479-2C93-878D-2E39D4E3D010}.Debug|Any CPU.ActiveCfg = Debug|Any CPU
		{367E342B-B479-2C93-878D-2E39D4E3D010}.Debug|Any CPU.Build.0 = Debug|Any CPU
		{367E342B-B479-2C93-878D-2E39D4E3D010}.Debug|Any CPU.Deploy.0 = Debug|Any CPU
		{367E342B-B479-2C93-878D-2E39D4E3D010}.Release|Any CPU.ActiveCfg = Release|Any CPU
		{367E342B-B479-2C93-878D-2E39D4E3D010}.Release|Any CPU.Build.0 = Release|Any CPU
		{339F0953-0A4A-4E49-A0E4-8ACBF732E16D}.Debug|Any CPU.ActiveCfg = Debug|Any CPU
		{339F0953-0A4A-4E49-A0E4-8ACBF732E16D}.Debug|Any CPU.Build.0 = Debug|Any CPU
		{339F0953-0A4A-4E49-A0E4-8ACBF732E16D}.Release|Any CPU.ActiveCfg = Release|Any CPU
		{339F0953-0A4A-4E49-A0E4-8ACBF732E16D}.Release|Any CPU.Build.0 = Release|Any CPU
		{C148B12E-BB3A-4D77-B368-1238F2212CC7}.Debug|Any CPU.ActiveCfg = Debug|Any CPU
		{C148B12E-BB3A-4D77-B368-1238F2212CC7}.Debug|Any CPU.Build.0 = Debug|Any CPU
		{C148B12E-BB3A-4D77-B368-1238F2212CC7}.Release|Any CPU.ActiveCfg = Release|Any CPU
		{C148B12E-BB3A-4D77-B368-1238F2212CC7}.Release|Any CPU.Build.0 = Release|Any CPU
		{56A8DC3B-859D-408D-9DEB-EABD8C2BEA0E}.Debug|Any CPU.ActiveCfg = Debug|Any CPU
		{56A8DC3B-859D-408D-9DEB-EABD8C2BEA0E}.Debug|Any CPU.Build.0 = Debug|Any CPU
		{56A8DC3B-859D-408D-9DEB-EABD8C2BEA0E}.Release|Any CPU.ActiveCfg = Release|Any CPU
		{56A8DC3B-859D-408D-9DEB-EABD8C2BEA0E}.Release|Any CPU.Build.0 = Release|Any CPU
	EndGlobalSection
	GlobalSection(SolutionProperties) = preSolution
		HideSolutionNode = FALSE
	EndGlobalSection
	GlobalSection(ExtensibilityGlobals) = postSolution
		SolutionGuid = {EC4A1801-43EF-42C8-8B10-F3B272760ADA}
	EndGlobalSection
EndGlobal
